
Microsoft Visual Studio Solution File, Format Version 12.00
# Visual Studio Version 17
VisualStudioVersion = 17.4.33403.182
MinimumVisualStudioVersion = 10.0.40219.1
Project("{FAE04EC0-301F-11D3-BF4B-00C04F79EFBC}") = "ExceptionHandling", "ExceptionHandling\ExceptionHandling.csproj", "{F3FDAEDD-D464-42E3-A74B-264F10974131}"
EndProject
Global
	GlobalSection(SolutionConfigurationPlatforms) = preSolution
		Debug|Any CPU = Debug|Any CPU
		Release|Any CPU = Release|Any CPU
	EndGlobalSection
	GlobalSection(ProjectConfigurationPlatforms) = postSolution
		{F3FDAEDD-D464-42E3-A74B-264F10974131}.Debug|Any CPU.ActiveCfg = Debug|Any CPU
		{F3FDAEDD-D464-42E3-A74B-264F10974131}.Debug|Any CPU.Build.0 = Debug|Any CPU
		{F3FDAEDD-D464-42E3-A74B-264F10974131}.Release|Any CPU.ActiveCfg = Release|Any CPU
		{F3FDAEDD-D464-42E3-A74B-264F10974131}.Release|Any CPU.Build.0 = Release|Any CPU
	EndGlobalSection
	GlobalSection(SolutionProperties) = preSolution
		HideSolutionNode = FALSE
	EndGlobalSection
	GlobalSection(ExtensibilityGlobals) = postSolution
		SolutionGuid = {20AAA625-550A-4289-83BC-912DC9FFA7BA}
	EndGlobalSection
EndGlobal
